// !$*UTF8*$!
{
	archiveVersion = 1;
	classes = {
	};
	objectVersion = 77;
	objects = {

/* Begin PBXBuildFile section */
		0A1810E49E825ED43161B247 /* HomeView.swift in Sources */ = {isa = PBXBuildFile; fileRef = 0A830A864448339EEE50569D /* HomeView.swift */; };
		1A5D80259E314EED15528B61 /* FinalComparisonView.swift in Sources */ = {isa = PBXBuildFile; fileRef = AE2143D0AABE9F287602AFD3 /* FinalComparisonView.swift */; };
		20068B094D5ED20892A2D60C /* MaskingFlow.swift in Sources */ = {isa = PBXBuildFile; fileRef = 033FBCCE29A3A6833376994F /* MaskingFlow.swift */; };
		210FEBC1D4B87114D3769599 /* SumiTheme.swift in Sources */ = {isa = PBXBuildFile; fileRef = 6518929ADF614559798F1021 /* SumiTheme.swift */; };
		2259C951A707D81D6C37C25C /* DocumentType.swift in Sources */ = {isa = PBXBuildFile; fileRef = 20EAB4E4FDA3D6BDC796F529 /* DocumentType.swift */; };
		30C62465D956C2E5E10326D1 /* MainInterface.storyboard in Resources */ = {isa = PBXBuildFile; fileRef = 5470F1DCDB71074ABE673D76 /* MainInterface.storyboard */; };
		3324354AF719C59C72CAEF27 /* MaskingFlowTests.swift in Sources */ = {isa = PBXBuildFile; fileRef = 315A6B69669232212047A6CB /* MaskingFlowTests.swift */; };
		3DDE18576769F1A4A3B61B2E /* ExportFileNaming.swift in Sources */ = {isa = PBXBuildFile; fileRef = EDA06548B2BA2CEE09929A8E /* ExportFileNaming.swift */; };
		412F8D2B861916283B879FB6 /* MaskingStyleView.swift in Sources */ = {isa = PBXBuildFile; fileRef = 17B75C8395F2BA2E8F23BAA5 /* MaskingStyleView.swift */; };
		5008FCFBD4C8295C84527B65 /* MaskingStyle.swift in Sources */ = {isa = PBXBuildFile; fileRef = 66553315FD359C88752161FC /* MaskingStyle.swift */; };
		50A74ED5C010CC2B84FEE5AC /* ShareViewController.swift in Sources */ = {isa = PBXBuildFile; fileRef = 2E9049F401D379E4169C6DEF /* ShareViewController.swift */; };
		58BEB734B8146A2C35F10D1C /* SumiTheme.swift in Sources */ = {isa = PBXBuildFile; fileRef = 6518929ADF614559798F1021 /* SumiTheme.swift */; };
		6207CAE29A752D49BF4F02C6 /* ExportPreviewView.swift in Sources */ = {isa = PBXBuildFile; fileRef = FF846F8B7342EF4AD240AA88 /* ExportPreviewView.swift */; };
		63629B5CF0F804E3DFF91F9E /* ImageMaskingServiceTests.swift in Sources */ = {isa = PBXBuildFile; fileRef = 5D5E158B5C4B76F7090F45E1 /* ImageMaskingServiceTests.swift */; };
		6893DA74AF35A4B5C70B2535 /* SharedContainer.swift in Sources */ = {isa = PBXBuildFile; fileRef = EC6C8B1773A52B55ADE5A27F /* SharedContainer.swift */; };
		6AE768805C193CC1C755029B /* ImageMaskingService.swift in Sources */ = {isa = PBXBuildFile; fileRef = 7138DD394FEA0B58BC39A917 /* ImageMaskingService.swift */; };
		84D1ECB96E12DC8165A3AE16 /* Haptics.swift in Sources */ = {isa = PBXBuildFile; fileRef = 7735D8EA2A6A2A96ABB1C5E6 /* Haptics.swift */; };
		8BD264DBFBC9270400CEBFCA /* DetectionPreviewView.swift in Sources */ = {isa = PBXBuildFile; fileRef = 85894B7CC2AF474047EE7FAB /* DetectionPreviewView.swift */; };
		92E46434CE841449C0281B4F /* GuidedCameraView.swift in Sources */ = {isa = PBXBuildFile; fileRef = 8A737D27628C75F4BFD42E6D /* GuidedCameraView.swift */; };
		99B2FB556AAC1EEBAB373362 /* MaskRegion.swift in Sources */ = {isa = PBXBuildFile; fileRef = E731CAEFB4517441390BF8E9 /* MaskRegion.swift */; };
		A570F21AFA1ADD477F8836A9 /* SupportConfig.swift in Sources */ = {isa = PBXBuildFile; fileRef = A7179F11C17AFC7618E7F7F6 /* SupportConfig.swift */; };
		A8E07E0535D90003A0704947 /* ShareExtension.appex in Embed Foundation Extensions */ = {isa = PBXBuildFile; fileRef = 5B23529260A8B84DC087E7AD /* ShareExtension.appex */; settings = {ATTRIBUTES = (RemoveHeadersOnCopy, ); }; };
		A99EA4AE0C2350B54488A90D /* Assets.xcassets in Resources */ = {isa = PBXBuildFile; fileRef = 118D30DC90ADA77B763254FE /* Assets.xcassets */; };
		A9EBF7331B396BB9A8232D71 /* SettingsView.swift in Sources */ = {isa = PBXBuildFile; fileRef = 6156BC002C5D4E51186AB36C /* SettingsView.swift */; };
		ACF0C5EF9CEB54AA4ECDD274 /* SumiApp.swift in Sources */ = {isa = PBXBuildFile; fileRef = A6EB774CDAF7D3C1AB8C0B97 /* SumiApp.swift */; };
		ADCF8656443B148FDD1322D9 /* DetectionServiceTests.swift in Sources */ = {isa = PBXBuildFile; fileRef = EAA1EFFF73098411BB06269B /* DetectionServiceTests.swift */; };
		B00C03ED6FC330550FCD4AD3 /* ExportFileNamingTests.swift in Sources */ = {isa = PBXBuildFile; fileRef = CE44230A26442CF45683183F /* ExportFileNamingTests.swift */; };
		B72E4081A3D0BDBE1ADBE04D /* RevenueCat in Frameworks */ = {isa = PBXBuildFile; productRef = 1401B631CB3B8DB4FE30F38D /* RevenueCat */; };
		BC056F907D61943B6C943F26 /* GuidedCameraViewTests.swift in Sources */ = {isa = PBXBuildFile; fileRef = EADAC1259734D6E8D0D99C7D /* GuidedCameraViewTests.swift */; };
		C22F04C90D0F3727700DCF34 /* SharedContainer.swift in Sources */ = {isa = PBXBuildFile; fileRef = EC6C8B1773A52B55ADE5A27F /* SharedContainer.swift */; };
		C5DCA6B03881F85453C0F6D1 /* DetectionService.swift in Sources */ = {isa = PBXBuildFile; fileRef = FCAA0153406DC1FFE190EB57 /* DetectionService.swift */; };
		C78397D6BC8B39FFD1343E55 /* PurchaseManager.swift in Sources */ = {isa = PBXBuildFile; fileRef = 6EE2B7F965CA6F44BFBBE041 /* PurchaseManager.swift */; };
		C8394669751E8450DA23B100 /* OnboardingView.swift in Sources */ = {isa = PBXBuildFile; fileRef = E0AB3E720BE48F5F85767958 /* OnboardingView.swift */; };
		D1A223FB09F22E32948FC478 /* DocumentTypeTests.swift in Sources */ = {isa = PBXBuildFile; fileRef = 002E64E21CFFB3AEE1898C93 /* DocumentTypeTests.swift */; };
		D7B3262E9274DDC42F8065D8 /* PurchaseView.swift in Sources */ = {isa = PBXBuildFile; fileRef = CFC0D73CB20BC3B461A43811 /* PurchaseView.swift */; };
		ED730B129F7A113673AA3C01 /* SumiShortcuts.swift in Sources */ = {isa = PBXBuildFile; fileRef = 2F8D2CA75C29103D93CA7F50 /* SumiShortcuts.swift */; };
		F14092845C7D4449E6364AF6 /* CameraCaptureView.swift in Sources */ = {isa = PBXBuildFile; fileRef = EC83246A8859D7E72823D770 /* CameraCaptureView.swift */; };
		F6FFC8F036A4F162D50F3EEA /* PrivacyInfo.xcprivacy in Resources */ = {isa = PBXBuildFile; fileRef = 098072BE514E87033045DCC1 /* PrivacyInfo.xcprivacy */; };
		F858950C9643F39A30664AB7 /* RevenueCatConfig.swift in Sources */ = {isa = PBXBuildFile; fileRef = E0E0C7551AFB2BD0E76ACD9D /* RevenueCatConfig.swift */; };
		FC5861CE71AB9F2DF399E463 /* DocumentTypeView.swift in Sources */ = {isa = PBXBuildFile; fileRef = 3898A88F74722E0C09407615 /* DocumentTypeView.swift */; };
/* End PBXBuildFile section */

/* Begin PBXContainerItemProxy section */
		2EEB41E515FD462414991437 /* PBXContainerItemProxy */ = {
			isa = PBXContainerItemProxy;
			containerPortal = AFB7DA90C61C0C52B5DBC8C0 /* Project object */;
			proxyType = 1;
			remoteGlobalIDString = 3FDBC2EEE15EE523AACAB32A;
			remoteInfo = Sumi;
		};
		37045F8C50FEDAEBCF2EAE42 /* PBXContainerItemProxy */ = {
			isa = PBXContainerItemProxy;
			containerPortal = AFB7DA90C61C0C52B5DBC8C0 /* Project object */;
			proxyType = 1;
			remoteGlobalIDString = 5FE0DE18172EBAC2C7B57ED4;
			remoteInfo = ShareExtension;
		};
/* End PBXContainerItemProxy section */

/* Begin PBXCopyFilesBuildPhase section */
		E126D0C8F254A0DE30A48F00 /* Embed Foundation Extensions */ = {
			isa = PBXCopyFilesBuildPhase;
			buildActionMask = 2147483647;
			dstPath = "";
			dstSubfolderSpec = 13;
			files = (
				A8E07E0535D90003A0704947 /* ShareExtension.appex in Embed Foundation Extensions */,
			);
			name = "Embed Foundation Extensions";
			runOnlyForDeploymentPostprocessing = 0;
		};
/* End PBXCopyFilesBuildPhase section */

/* Begin PBXFileReference section */
		002E64E21CFFB3AEE1898C93 /* DocumentTypeTests.swift */ = {isa = PBXFileReference; lastKnownFileType = sourcecode.swift; path = DocumentTypeTests.swift; sourceTree = "<group>"; };
		033FBCCE29A3A6833376994F /* MaskingFlow.swift */ = {isa = PBXFileReference; lastKnownFileType = sourcecode.swift; path = MaskingFlow.swift; sourceTree = "<group>"; };
		098072BE514E87033045DCC1 /* PrivacyInfo.xcprivacy */ = {isa = PBXFileReference; path = PrivacyInfo.xcprivacy; sourceTree = "<group>"; };
		0A830A864448339EEE50569D /* HomeView.swift */ = {isa = PBXFileReference; lastKnownFileType = sourcecode.swift; path = HomeView.swift; sourceTree = "<group>"; };
		118D30DC90ADA77B763254FE /* Assets.xcassets */ = {isa = PBXFileReference; lastKnownFileType = folder.assetcatalog; path = Assets.xcassets; sourceTree = "<group>"; };
		17B75C8395F2BA2E8F23BAA5 /* MaskingStyleView.swift */ = {isa = PBXFileReference; lastKnownFileType = sourcecode.swift; path = MaskingStyleView.swift; sourceTree = "<group>"; };
		20EAB4E4FDA3D6BDC796F529 /* DocumentType.swift */ = {isa = PBXFileReference; lastKnownFileType = sourcecode.swift; path = DocumentType.swift; sourceTree = "<group>"; };
		24E4F6AECFB9A85721BB1F7E /* ShareExtension.entitlements */ = {isa = PBXFileReference; lastKnownFileType = text.plist.entitlements; path = ShareExtension.entitlements; sourceTree = "<group>"; };
		2E9049F401D379E4169C6DEF /* ShareViewController.swift */ = {isa = PBXFileReference; lastKnownFileType = sourcecode.swift; path = ShareViewController.swift; sourceTree = "<group>"; };
		2F8D2CA75C29103D93CA7F50 /* SumiShortcuts.swift */ = {isa = PBXFileReference; lastKnownFileType = sourcecode.swift; path = SumiShortcuts.swift; sourceTree = "<group>"; };
		315A6B69669232212047A6CB /* MaskingFlowTests.swift */ = {isa = PBXFileReference; lastKnownFileType = sourcecode.swift; path = MaskingFlowTests.swift; sourceTree = "<group>"; };
		3898A88F74722E0C09407615 /* DocumentTypeView.swift */ = {isa = PBXFileReference; lastKnownFileType = sourcecode.swift; path = DocumentTypeView.swift; sourceTree = "<group>"; };
		5470F1DCDB71074ABE673D76 /* MainInterface.storyboard */ = {isa = PBXFileReference; lastKnownFileType = file.storyboard; path = MainInterface.storyboard; sourceTree = "<group>"; };
		5B23529260A8B84DC087E7AD /* ShareExtension.appex */ = {isa = PBXFileReference; includeInIndex = 0; lastKnownFileType = "wrapper.app-extension"; path = ShareExtension.appex; sourceTree = BUILT_PRODUCTS_DIR; };
		5D5E158B5C4B76F7090F45E1 /* ImageMaskingServiceTests.swift */ = {isa = PBXFileReference; lastKnownFileType = sourcecode.swift; path = ImageMaskingServiceTests.swift; sourceTree = "<group>"; };
		5F7194C5297C5804704C39C9 /* Sumi.app */ = {isa = PBXFileReference; includeInIndex = 0; lastKnownFileType = wrapper.application; path = Sumi.app; sourceTree = BUILT_PRODUCTS_DIR; };
		6156BC002C5D4E51186AB36C /* SettingsView.swift */ = {isa = PBXFileReference; lastKnownFileType = sourcecode.swift; path = SettingsView.swift; sourceTree = "<group>"; };
		63719E4EC33AAA0B14581CB2 /* Info.plist */ = {isa = PBXFileReference; lastKnownFileType = text.plist; path = Info.plist; sourceTree = "<group>"; };
		6518929ADF614559798F1021 /* SumiTheme.swift */ = {isa = PBXFileReference; lastKnownFileType = sourcecode.swift; path = SumiTheme.swift; sourceTree = "<group>"; };
		66553315FD359C88752161FC /* MaskingStyle.swift */ = {isa = PBXFileReference; lastKnownFileType = sourcecode.swift; path = MaskingStyle.swift; sourceTree = "<group>"; };
		67DC3463F170395E1652FA89 /* Sumi.entitlements */ = {isa = PBXFileReference; lastKnownFileType = text.plist.entitlements; path = Sumi.entitlements; sourceTree = "<group>"; };
		6EE2B7F965CA6F44BFBBE041 /* PurchaseManager.swift */ = {isa = PBXFileReference; lastKnownFileType = sourcecode.swift; path = PurchaseManager.swift; sourceTree = "<group>"; };
		7138DD394FEA0B58BC39A917 /* ImageMaskingService.swift */ = {isa = PBXFileReference; lastKnownFileType = sourcecode.swift; path = ImageMaskingService.swift; sourceTree = "<group>"; };
		7735D8EA2A6A2A96ABB1C5E6 /* Haptics.swift */ = {isa = PBXFileReference; lastKnownFileType = sourcecode.swift; path = Haptics.swift; sourceTree = "<group>"; };
		85894B7CC2AF474047EE7FAB /* DetectionPreviewView.swift */ = {isa = PBXFileReference; lastKnownFileType = sourcecode.swift; path = DetectionPreviewView.swift; sourceTree = "<group>"; };
		8A737D27628C75F4BFD42E6D /* GuidedCameraView.swift */ = {isa = PBXFileReference; lastKnownFileType = sourcecode.swift; path = GuidedCameraView.swift; sourceTree = "<group>"; };
		A6EB774CDAF7D3C1AB8C0B97 /* SumiApp.swift */ = {isa = PBXFileReference; lastKnownFileType = sourcecode.swift; path = SumiApp.swift; sourceTree = "<group>"; };
		A7179F11C17AFC7618E7F7F6 /* SupportConfig.swift */ = {isa = PBXFileReference; lastKnownFileType = sourcecode.swift; path = SupportConfig.swift; sourceTree = "<group>"; };
		AE2143D0AABE9F287602AFD3 /* FinalComparisonView.swift */ = {isa = PBXFileReference; lastKnownFileType = sourcecode.swift; path = FinalComparisonView.swift; sourceTree = "<group>"; };
		B97A976C9313A2E2A98BE074 /* SumiTests.xctest */ = {isa = PBXFileReference; includeInIndex = 0; lastKnownFileType = wrapper.cfbundle; path = SumiTests.xctest; sourceTree = BUILT_PRODUCTS_DIR; };
		CE44230A26442CF45683183F /* ExportFileNamingTests.swift */ = {isa = PBXFileReference; lastKnownFileType = sourcecode.swift; path = ExportFileNamingTests.swift; sourceTree = "<group>"; };
		CFC0D73CB20BC3B461A43811 /* PurchaseView.swift */ = {isa = PBXFileReference; lastKnownFileType = sourcecode.swift; path = PurchaseView.swift; sourceTree = "<group>"; };
		DB3DB90CF9B95FF6599F29C7 /* Info.plist */ = {isa = PBXFileReference; lastKnownFileType = text.plist; path = Info.plist; sourceTree = "<group>"; };
		E0AB3E720BE48F5F85767958 /* OnboardingView.swift */ = {isa = PBXFileReference; lastKnownFileType = sourcecode.swift; path = OnboardingView.swift; sourceTree = "<group>"; };
		E0E0C7551AFB2BD0E76ACD9D /* RevenueCatConfig.swift */ = {isa = PBXFileReference; lastKnownFileType = sourcecode.swift; path = RevenueCatConfig.swift; sourceTree = "<group>"; };
		E731CAEFB4517441390BF8E9 /* MaskRegion.swift */ = {isa = PBXFileReference; lastKnownFileType = sourcecode.swift; path = MaskRegion.swift; sourceTree = "<group>"; };
		EAA1EFFF73098411BB06269B /* DetectionServiceTests.swift */ = {isa = PBXFileReference; lastKnownFileType = sourcecode.swift; path = DetectionServiceTests.swift; sourceTree = "<group>"; };
		EADAC1259734D6E8D0D99C7D /* GuidedCameraViewTests.swift */ = {isa = PBXFileReference; lastKnownFileType = sourcecode.swift; path = GuidedCameraViewTests.swift; sourceTree = "<group>"; };
		EC6C8B1773A52B55ADE5A27F /* SharedContainer.swift */ = {isa = PBXFileReference; lastKnownFileType = sourcecode.swift; path = SharedContainer.swift; sourceTree = "<group>"; };
		EC83246A8859D7E72823D770 /* CameraCaptureView.swift */ = {isa = PBXFileReference; lastKnownFileType = sourcecode.swift; path = CameraCaptureView.swift; sourceTree = "<group>"; };
		EDA06548B2BA2CEE09929A8E /* ExportFileNaming.swift */ = {isa = PBXFileReference; lastKnownFileType = sourcecode.swift; path = ExportFileNaming.swift; sourceTree = "<group>"; };
		FCAA0153406DC1FFE190EB57 /* DetectionService.swift */ = {isa = PBXFileReference; lastKnownFileType = sourcecode.swift; path = DetectionService.swift; sourceTree = "<group>"; };
		FF846F8B7342EF4AD240AA88 /* ExportPreviewView.swift */ = {isa = PBXFileReference; lastKnownFileType = sourcecode.swift; path = ExportPreviewView.swift; sourceTree = "<group>"; };
/* End PBXFileReference section */

/* Begin PBXFrameworksBuildPhase section */
		9C6DCA1C31B556933ABCD84A /* Frameworks */ = {
			isa = PBXFrameworksBuildPhase;
			buildActionMask = 2147483647;
			files = (
				B72E4081A3D0BDBE1ADBE04D /* RevenueCat in Frameworks */,
			);
			runOnlyForDeploymentPostprocessing = 0;
		};
/* End PBXFrameworksBuildPhase section */

/* Begin PBXGroup section */
		013F9DFDC72BE894E2C664A6 /* App */ = {
			isa = PBXGroup;
			children = (
				033FBCCE29A3A6833376994F /* MaskingFlow.swift */,
				E0E0C7551AFB2BD0E76ACD9D /* RevenueCatConfig.swift */,
				A6EB774CDAF7D3C1AB8C0B97 /* SumiApp.swift */,
				2F8D2CA75C29103D93CA7F50 /* SumiShortcuts.swift */,
				A7179F11C17AFC7618E7F7F6 /* SupportConfig.swift */,
			);
			path = App;
			sourceTree = "<group>";
		};
		0D2C17B0CE241BF4538CC20E /* Purchase */ = {
			isa = PBXGroup;
			children = (
				CFC0D73CB20BC3B461A43811 /* PurchaseView.swift */,
			);
			path = Purchase;
			sourceTree = "<group>";
		};
		218163AA41C58E908417231B /* MaskingStyle */ = {
			isa = PBXGroup;
			children = (
				17B75C8395F2BA2E8F23BAA5 /* MaskingStyleView.swift */,
			);
			path = MaskingStyle;
			sourceTree = "<group>";
		};
		2AE05C3E4D79F1F54C5C0A92 /* Onboarding */ = {
			isa = PBXGroup;
			children = (
				E0AB3E720BE48F5F85767958 /* OnboardingView.swift */,
			);
			path = Onboarding;
			sourceTree = "<group>";
		};
		33AD0EFB2C0FE64726775923 /* Products */ = {
			isa = PBXGroup;
			children = (
				5B23529260A8B84DC087E7AD /* ShareExtension.appex */,
				5F7194C5297C5804704C39C9 /* Sumi.app */,
				B97A976C9313A2E2A98BE074 /* SumiTests.xctest */,
			);
			name = Products;
			sourceTree = "<group>";
		};
		420ED54954023EB9D1E0B564 /* Models */ = {
			isa = PBXGroup;
			children = (
				20EAB4E4FDA3D6BDC796F529 /* DocumentType.swift */,
				66553315FD359C88752161FC /* MaskingStyle.swift */,
				E731CAEFB4517441390BF8E9 /* MaskRegion.swift */,
			);
			path = Models;
			sourceTree = "<group>";
		};
		6368B26BA31CEA6F3E37374D /* Export */ = {
			isa = PBXGroup;
			children = (
				FF846F8B7342EF4AD240AA88 /* ExportPreviewView.swift */,
				AE2143D0AABE9F287602AFD3 /* FinalComparisonView.swift */,
			);
			path = Export;
			sourceTree = "<group>";
		};
		660659512EF0627BB8AEDDE9 = {
			isa = PBXGroup;
			children = (
				9B909484C7C7AE4EAE1C2177 /* ShareExtension */,
				B7949D3F69EB5A1AD087BC56 /* Sumi */,
				9E3BB0C8A1AC373E2746F044 /* SumiTests */,
				33AD0EFB2C0FE64726775923 /* Products */,
			);
			sourceTree = "<group>";
		};
		9B909484C7C7AE4EAE1C2177 /* ShareExtension */ = {
			isa = PBXGroup;
			children = (
				DB3DB90CF9B95FF6599F29C7 /* Info.plist */,
				5470F1DCDB71074ABE673D76 /* MainInterface.storyboard */,
				24E4F6AECFB9A85721BB1F7E /* ShareExtension.entitlements */,
				2E9049F401D379E4169C6DEF /* ShareViewController.swift */,
			);
			path = ShareExtension;
			sourceTree = "<group>";
		};
		9E3BB0C8A1AC373E2746F044 /* SumiTests */ = {
			isa = PBXGroup;
			children = (
				EAA1EFFF73098411BB06269B /* DetectionServiceTests.swift */,
				002E64E21CFFB3AEE1898C93 /* DocumentTypeTests.swift */,
				CE44230A26442CF45683183F /* ExportFileNamingTests.swift */,
				EADAC1259734D6E8D0D99C7D /* GuidedCameraViewTests.swift */,
				5D5E158B5C4B76F7090F45E1 /* ImageMaskingServiceTests.swift */,
				315A6B69669232212047A6CB /* MaskingFlowTests.swift */,
			);
			path = SumiTests;
			sourceTree = "<group>";
		};
		B7949D3F69EB5A1AD087BC56 /* Sumi */ = {
			isa = PBXGroup;
			children = (
				118D30DC90ADA77B763254FE /* Assets.xcassets */,
				63719E4EC33AAA0B14581CB2 /* Info.plist */,
				098072BE514E87033045DCC1 /* PrivacyInfo.xcprivacy */,
				67DC3463F170395E1652FA89 /* Sumi.entitlements */,
				013F9DFDC72BE894E2C664A6 /* App */,
				CD2F58F5EDAF70A3677A1AA2 /* Features */,
				420ED54954023EB9D1E0B564 /* Models */,
				C74C387491391B3D46289A7A /* Services */,
				F209F422C294379006186721 /* Shared */,
			);
			path = Sumi;
			sourceTree = "<group>";
		};
		BD9B51041357604F9E0C11E4 /* Detection */ = {
			isa = PBXGroup;
			children = (
				85894B7CC2AF474047EE7FAB /* DetectionPreviewView.swift */,
			);
			path = Detection;
			sourceTree = "<group>";
		};
		C74C387491391B3D46289A7A /* Services */ = {
			isa = PBXGroup;
			children = (
				FCAA0153406DC1FFE190EB57 /* DetectionService.swift */,
				EDA06548B2BA2CEE09929A8E /* ExportFileNaming.swift */,
				7735D8EA2A6A2A96ABB1C5E6 /* Haptics.swift */,
				7138DD394FEA0B58BC39A917 /* ImageMaskingService.swift */,
				6EE2B7F965CA6F44BFBBE041 /* PurchaseManager.swift */,
			);
			path = Services;
			sourceTree = "<group>";
		};
		CD2F58F5EDAF70A3677A1AA2 /* Features */ = {
			isa = PBXGroup;
			children = (
				BD9B51041357604F9E0C11E4 /* Detection */,
				D3D225768DAE8D16835560AB /* DocumentType */,
				6368B26BA31CEA6F3E37374D /* Export */,
				E865F95FF38A6A016BF520A6 /* Home */,
				218163AA41C58E908417231B /* MaskingStyle */,
				2AE05C3E4D79F1F54C5C0A92 /* Onboarding */,
				0D2C17B0CE241BF4538CC20E /* Purchase */,
				E06246227D85545278197CF2 /* Settings */,
			);
			path = Features;
			sourceTree = "<group>";
		};
		D3D225768DAE8D16835560AB /* DocumentType */ = {
			isa = PBXGroup;
			children = (
				3898A88F74722E0C09407615 /* DocumentTypeView.swift */,
			);
			path = DocumentType;
			sourceTree = "<group>";
		};
		E06246227D85545278197CF2 /* Settings */ = {
			isa = PBXGroup;
			children = (
				6156BC002C5D4E51186AB36C /* SettingsView.swift */,
			);
			path = Settings;
			sourceTree = "<group>";
		};
		E865F95FF38A6A016BF520A6 /* Home */ = {
			isa = PBXGroup;
			children = (
				EC83246A8859D7E72823D770 /* CameraCaptureView.swift */,
				8A737D27628C75F4BFD42E6D /* GuidedCameraView.swift */,
				0A830A864448339EEE50569D /* HomeView.swift */,
			);
			path = Home;
			sourceTree = "<group>";
		};
		F209F422C294379006186721 /* Shared */ = {
			isa = PBXGroup;
			children = (
				EC6C8B1773A52B55ADE5A27F /* SharedContainer.swift */,
				6518929ADF614559798F1021 /* SumiTheme.swift */,
			);
			path = Shared;
			sourceTree = "<group>";
		};
/* End PBXGroup section */

/* Begin PBXNativeTarget section */
		3FDBC2EEE15EE523AACAB32A /* Sumi */ = {
			isa = PBXNativeTarget;
			buildConfigurationList = FA34ACE625CF1AC0342355FC /* Build configuration list for PBXNativeTarget "Sumi" */;
			buildPhases = (
				8AC2C50C5D06FD794E0F7E98 /* Sources */,
				0D1B6DBD66441D4C441E8A21 /* Resources */,
				9C6DCA1C31B556933ABCD84A /* Frameworks */,
				E126D0C8F254A0DE30A48F00 /* Embed Foundation Extensions */,
			);
			buildRules = (
			);
			dependencies = (
				4FF2784D26C4C776B001968B /* PBXTargetDependency */,
			);
			name = Sumi;
			packageProductDependencies = (
				1401B631CB3B8DB4FE30F38D /* RevenueCat */,
			);
			productName = Sumi;
			productReference = 5F7194C5297C5804704C39C9 /* Sumi.app */;
			productType = "com.apple.product-type.application";
		};
		5FE0DE18172EBAC2C7B57ED4 /* ShareExtension */ = {
			isa = PBXNativeTarget;
			buildConfigurationList = E7BAEB1702656307FEE55BE4 /* Build configuration list for PBXNativeTarget "ShareExtension" */;
			buildPhases = (
				E56D1C955CDCABCD2BB12698 /* Sources */,
				A8663416A453213C1ACE0A7A /* Resources */,
			);
			buildRules = (
			);
			dependencies = (
			);
			name = ShareExtension;
			packageProductDependencies = (
			);
			productName = ShareExtension;
			productReference = 5B23529260A8B84DC087E7AD /* ShareExtension.appex */;
			productType = "com.apple.product-type.app-extension";
		};
		9E7A56A7986D75112B777489 /* SumiTests */ = {
			isa = PBXNativeTarget;
			buildConfigurationList = 7D6E1956E377CC5E66AB9F78 /* Build configuration list for PBXNativeTarget "SumiTests" */;
			buildPhases = (
				A223384C1FA6213D86EC662F /* Sources */,
			);
			buildRules = (
			);
			dependencies = (
				2FE88A083C0810DA0E742F63 /* PBXTargetDependency */,
			);
			name = SumiTests;
			packageProductDependencies = (
			);
			productName = SumiTests;
			productReference = B97A976C9313A2E2A98BE074 /* SumiTests.xctest */;
			productType = "com.apple.product-type.bundle.unit-test";
		};
/* End PBXNativeTarget section */

/* Begin PBXProject section */
		AFB7DA90C61C0C52B5DBC8C0 /* Project object */ = {
			isa = PBXProject;
			attributes = {
				BuildIndependentTargetsInParallel = YES;
				LastUpgradeCheck = 1430;
				TargetAttributes = {
					3FDBC2EEE15EE523AACAB32A = {
						DevelopmentTeam = XV92DHDWYL;
					};
					5FE0DE18172EBAC2C7B57ED4 = {
						DevelopmentTeam = XV92DHDWYL;
					};
					9E7A56A7986D75112B777489 = {
						DevelopmentTeam = XV92DHDWYL;
					};
				};
			};
			buildConfigurationList = 5BE51493949C59C1FCADD06C /* Build configuration list for PBXProject "Sumi" */;
			developmentRegion = en;
			hasScannedForEncodings = 0;
			knownRegions = (
				Base,
				en,
			);
			mainGroup = 660659512EF0627BB8AEDDE9;
			minimizedProjectReferenceProxies = 1;
			packageReferences = (
				A9C8E827D68A6F92163F3AE1 /* XCRemoteSwiftPackageReference "purchases-ios" */,
			);
			preferredProjectObjectVersion = 77;
			productRefGroup = 33AD0EFB2C0FE64726775923 /* Products */;
			projectDirPath = "";
			projectRoot = "";
			targets = (
				3FDBC2EEE15EE523AACAB32A /* Sumi */,
				9E7A56A7986D75112B777489 /* SumiTests */,
				5FE0DE18172EBAC2C7B57ED4 /* ShareExtension */,
			);
		};
/* End PBXProject section */

/* Begin PBXResourcesBuildPhase section */
		0D1B6DBD66441D4C441E8A21 /* Resources */ = {
			isa = PBXResourcesBuildPhase;
			buildActionMask = 2147483647;
			files = (
				A99EA4AE0C2350B54488A90D /* Assets.xcassets in Resources */,
				F6FFC8F036A4F162D50F3EEA /* PrivacyInfo.xcprivacy in Resources */,
			);
			runOnlyForDeploymentPostprocessing = 0;
		};
		A8663416A453213C1ACE0A7A /* Resources */ = {
			isa = PBXResourcesBuildPhase;
			buildActionMask = 2147483647;
			files = (
				30C62465D956C2E5E10326D1 /* MainInterface.storyboard in Resources */,
			);
			runOnlyForDeploymentPostprocessing = 0;
		};
/* End PBXResourcesBuildPhase section */

/* Begin PBXSourcesBuildPhase section */
		8AC2C50C5D06FD794E0F7E98 /* Sources */ = {
			isa = PBXSourcesBuildPhase;
			buildActionMask = 2147483647;
			files = (
				F14092845C7D4449E6364AF6 /* CameraCaptureView.swift in Sources */,
				8BD264DBFBC9270400CEBFCA /* DetectionPreviewView.swift in Sources */,
				C5DCA6B03881F85453C0F6D1 /* DetectionService.swift in Sources */,
				2259C951A707D81D6C37C25C /* DocumentType.swift in Sources */,
				FC5861CE71AB9F2DF399E463 /* DocumentTypeView.swift in Sources */,
				3DDE18576769F1A4A3B61B2E /* ExportFileNaming.swift in Sources */,
				6207CAE29A752D49BF4F02C6 /* ExportPreviewView.swift in Sources */,
				1A5D80259E314EED15528B61 /* FinalComparisonView.swift in Sources */,
				92E46434CE841449C0281B4F /* GuidedCameraView.swift in Sources */,
				84D1ECB96E12DC8165A3AE16 /* Haptics.swift in Sources */,
				0A1810E49E825ED43161B247 /* HomeView.swift in Sources */,
				6AE768805C193CC1C755029B /* ImageMaskingService.swift in Sources */,
				99B2FB556AAC1EEBAB373362 /* MaskRegion.swift in Sources */,
				20068B094D5ED20892A2D60C /* MaskingFlow.swift in Sources */,
				5008FCFBD4C8295C84527B65 /* MaskingStyle.swift in Sources */,
				412F8D2B861916283B879FB6 /* MaskingStyleView.swift in Sources */,
				C8394669751E8450DA23B100 /* OnboardingView.swift in Sources */,
				C78397D6BC8B39FFD1343E55 /* PurchaseManager.swift in Sources */,
				D7B3262E9274DDC42F8065D8 /* PurchaseView.swift in Sources */,
				F858950C9643F39A30664AB7 /* RevenueCatConfig.swift in Sources */,
				A9EBF7331B396BB9A8232D71 /* SettingsView.swift in Sources */,
				6893DA74AF35A4B5C70B2535 /* SharedContainer.swift in Sources */,
				ACF0C5EF9CEB54AA4ECDD274 /* SumiApp.swift in Sources */,
				ED730B129F7A113673AA3C01 /* SumiShortcuts.swift in Sources */,
				58BEB734B8146A2C35F10D1C /* SumiTheme.swift in Sources */,
				A570F21AFA1ADD477F8836A9 /* SupportConfig.swift in Sources */,
			);
			runOnlyForDeploymentPostprocessing = 0;
		};
		A223384C1FA6213D86EC662F /* Sources */ = {
			isa = PBXSourcesBuildPhase;
			buildActionMask = 2147483647;
			files = (
				ADCF8656443B148FDD1322D9 /* DetectionServiceTests.swift in Sources */,
				D1A223FB09F22E32948FC478 /* DocumentTypeTests.swift in Sources */,
				B00C03ED6FC330550FCD4AD3 /* ExportFileNamingTests.swift in Sources */,
				BC056F907D61943B6C943F26 /* GuidedCameraViewTests.swift in Sources */,
				63629B5CF0F804E3DFF91F9E /* ImageMaskingServiceTests.swift in Sources */,
				3324354AF719C59C72CAEF27 /* MaskingFlowTests.swift in Sources */,
			);
			runOnlyForDeploymentPostprocessing = 0;
		};
		E56D1C955CDCABCD2BB12698 /* Sources */ = {
			isa = PBXSourcesBuildPhase;
			buildActionMask = 2147483647;
			files = (
				50A74ED5C010CC2B84FEE5AC /* ShareViewController.swift in Sources */,
				C22F04C90D0F3727700DCF34 /* SharedContainer.swift in Sources */,
				210FEBC1D4B87114D3769599 /* SumiTheme.swift in Sources */,
			);
			runOnlyForDeploymentPostprocessing = 0;
		};
/* End PBXSourcesBuildPhase section */

/* Begin PBXTargetDependency section */
		2FE88A083C0810DA0E742F63 /* PBXTargetDependency */ = {
			isa = PBXTargetDependency;
			target = 3FDBC2EEE15EE523AACAB32A /* Sumi */;
			targetProxy = 2EEB41E515FD462414991437 /* PBXContainerItemProxy */;
		};
		4FF2784D26C4C776B001968B /* PBXTargetDependency */ = {
			isa = PBXTargetDependency;
			target = 5FE0DE18172EBAC2C7B57ED4 /* ShareExtension */;
			targetProxy = 37045F8C50FEDAEBCF2EAE42 /* PBXContainerItemProxy */;
		};
/* End PBXTargetDependency section */

/* Begin XCBuildConfiguration section */
		3235A2D8AA58AC57CD6D070E /* Debug */ = {
			isa = XCBuildConfiguration;
			buildSettings = {
				CODE_SIGN_ENTITLEMENTS = ShareExtension/ShareExtension.entitlements;
				CURRENT_PROJECT_VERSION = 1;
				DEVELOPMENT_TEAM = XV92DHDWYL;
				INFOPLIST_FILE = ShareExtension/Info.plist;
				LD_RUNPATH_SEARCH_PATHS = (
					"$(inherited)",
					"@executable_path/Frameworks",
					"@executable_path/../../Frameworks",
				);
				MARKETING_VERSION = 1.0;
				PRODUCT_BUNDLE_IDENTIFIER = com.matthew0925.sumi.ShareExtension;
				SDKROOT = iphoneos;
				SKIP_INSTALL = YES;
				SWIFT_VERSION = 5.0;
				TARGETED_DEVICE_FAMILY = 1;
			};
			name = Debug;
		};
		3C6C4BC481AA70DCE7D4D8E4 /* Debug */ = {
			isa = XCBuildConfiguration;
			buildSettings = {
				BUNDLE_LOADER = "$(TEST_HOST)";
				DEVELOPMENT_TEAM = XV92DHDWYL;
				GENERATE_INFOPLIST_FILE = YES;
				LD_RUNPATH_SEARCH_PATHS = (
					"$(inherited)",
					"@executable_path/Frameworks",
					"@loader_path/Frameworks",
				);
				PRODUCT_BUNDLE_IDENTIFIER = com.matthew0925.SumiTests;
				SDKROOT = iphoneos;
				SWIFT_VERSION = 5.0;
				TARGETED_DEVICE_FAMILY = "1,2";
				TEST_HOST = "$(BUILT_PRODUCTS_DIR)/Sumi.app/Sumi";
			};
			name = Debug;
		};
		45EAFDBC913089B25E068502 /* Release */ = {
			isa = XCBuildConfiguration;
			buildSettings = {
				ALWAYS_SEARCH_USER_PATHS = NO;
				CLANG_ANALYZER_NONNULL = YES;
				CLANG_ANALYZER_NUMBER_OBJECT_CONVERSION = YES_AGGRESSIVE;
				CLANG_CXX_LANGUAGE_STANDARD = "gnu++14";
				CLANG_CXX_LIBRARY = "libc++";
				CLANG_ENABLE_MODULES = YES;
				CLANG_ENABLE_OBJC_ARC = YES;
				CLANG_ENABLE_OBJC_WEAK = YES;
				CLANG_WARN_BLOCK_CAPTURE_AUTORELEASING = YES;
				CLANG_WARN_BOOL_CONVERSION = YES;
				CLANG_WARN_COMMA = YES;
				CLANG_WARN_CONSTANT_CONVERSION = YES;
				CLANG_WARN_DEPRECATED_OBJC_IMPLEMENTATIONS = YES;
				CLANG_WARN_DIRECT_OBJC_ISA_USAGE = YES_ERROR;
				CLANG_WARN_DOCUMENTATION_COMMENTS = YES;
				CLANG_WARN_EMPTY_BODY = YES;
				CLANG_WARN_ENUM_CONVERSION = YES;
				CLANG_WARN_INFINITE_RECURSION = YES;
				CLANG_WARN_INT_CONVERSION = YES;
				CLANG_WARN_NON_LITERAL_NULL_CONVERSION = YES;
				CLANG_WARN_OBJC_IMPLICIT_RETAIN_SELF = YES;
				CLANG_WARN_OBJC_LITERAL_CONVERSION = YES;
				CLANG_WARN_OBJC_ROOT_CLASS = YES_ERROR;
				CLANG_WARN_QUOTED_INCLUDE_IN_FRAMEWORK_HEADER = YES;
				CLANG_WARN_RANGE_LOOP_ANALYSIS = YES;
				CLANG_WARN_STRICT_PROTOTYPES = YES;
				CLANG_WARN_SUSPICIOUS_MOVE = YES;
				CLANG_WARN_UNGUARDED_AVAILABILITY = YES_AGGRESSIVE;
				CLANG_WARN_UNREACHABLE_CODE = YES;
				CLANG_WARN__DUPLICATE_METHOD_MATCH = YES;
				COPY_PHASE_STRIP = NO;
				DEBUG_INFORMATION_FORMAT = "dwarf-with-dsym";
				ENABLE_NS_ASSERTIONS = NO;
				ENABLE_STRICT_OBJC_MSGSEND = YES;
				GCC_C_LANGUAGE_STANDARD = gnu11;
				GCC_NO_COMMON_BLOCKS = YES;
				GCC_WARN_64_TO_32_BIT_CONVERSION = YES;
				GCC_WARN_ABOUT_RETURN_TYPE = YES_ERROR;
				GCC_WARN_UNDECLARED_SELECTOR = YES;
				GCC_WARN_UNINITIALIZED_AUTOS = YES_AGGRESSIVE;
				GCC_WARN_UNUSED_FUNCTION = YES;
				GCC_WARN_UNUSED_VARIABLE = YES;
				IPHONEOS_DEPLOYMENT_TARGET = 17.0;
				MTL_ENABLE_DEBUG_INFO = NO;
				MTL_FAST_MATH = YES;
				PRODUCT_NAME = "$(TARGET_NAME)";
				SDKROOT = iphoneos;
				SWIFT_COMPILATION_MODE = wholemodule;
				SWIFT_OPTIMIZATION_LEVEL = "-O";
				SWIFT_VERSION = 5.0;
			};
			name = Release;
		};
		46544B83FD38A9A7BDA4D280 /* Debug */ = {
			isa = XCBuildConfiguration;
			buildSettings = {
				ALWAYS_SEARCH_USER_PATHS = NO;
				CLANG_ANALYZER_NONNULL = YES;
				CLANG_ANALYZER_NUMBER_OBJECT_CONVERSION = YES_AGGRESSIVE;
				CLANG_CXX_LANGUAGE_STANDARD = "gnu++14";
				CLANG_CXX_LIBRARY = "libc++";
				CLANG_ENABLE_MODULES = YES;
				CLANG_ENABLE_OBJC_ARC = YES;
				CLANG_ENABLE_OBJC_WEAK = YES;
				CLANG_WARN_BLOCK_CAPTURE_AUTORELEASING = YES;
				CLANG_WARN_BOOL_CONVERSION = YES;
				CLANG_WARN_COMMA = YES;
				CLANG_WARN_CONSTANT_CONVERSION = YES;
				CLANG_WARN_DEPRECATED_OBJC_IMPLEMENTATIONS = YES;
				CLANG_WARN_DIRECT_OBJC_ISA_USAGE = YES_ERROR;
				CLANG_WARN_DOCUMENTATION_COMMENTS = YES;
				CLANG_WARN_EMPTY_BODY = YES;
				CLANG_WARN_ENUM_CONVERSION = YES;
				CLANG_WARN_INFINITE_RECURSION = YES;
				CLANG_WARN_INT_CONVERSION = YES;
				CLANG_WARN_NON_LITERAL_NULL_CONVERSION = YES;
				CLANG_WARN_OBJC_IMPLICIT_RETAIN_SELF = YES;
				CLANG_WARN_OBJC_LITERAL_CONVERSION = YES;
				CLANG_WARN_OBJC_ROOT_CLASS = YES_ERROR;
				CLANG_WARN_QUOTED_INCLUDE_IN_FRAMEWORK_HEADER = YES;
				CLANG_WARN_RANGE_LOOP_ANALYSIS = YES;
				CLANG_WARN_STRICT_PROTOTYPES = YES;
				CLANG_WARN_SUSPICIOUS_MOVE = YES;
				CLANG_WARN_UNGUARDED_AVAILABILITY = YES_AGGRESSIVE;
				CLANG_WARN_UNREACHABLE_CODE = YES;
				CLANG_WARN__DUPLICATE_METHOD_MATCH = YES;
				COPY_PHASE_STRIP = NO;
				DEBUG_INFORMATION_FORMAT = dwarf;
				ENABLE_STRICT_OBJC_MSGSEND = YES;
				ENABLE_TESTABILITY = YES;
				GCC_C_LANGUAGE_STANDARD = gnu11;
				GCC_DYNAMIC_NO_PIC = NO;
				GCC_NO_COMMON_BLOCKS = YES;
				GCC_OPTIMIZATION_LEVEL = 0;
				GCC_PREPROCESSOR_DEFINITIONS = (
					"$(inherited)",
					"DEBUG=1",
				);
				GCC_WARN_64_TO_32_BIT_CONVERSION = YES;
				GCC_WARN_ABOUT_RETURN_TYPE = YES_ERROR;
				GCC_WARN_UNDECLARED_SELECTOR = YES;
				GCC_WARN_UNINITIALIZED_AUTOS = YES_AGGRESSIVE;
				GCC_WARN_UNUSED_FUNCTION = YES;
				GCC_WARN_UNUSED_VARIABLE = YES;
				IPHONEOS_DEPLOYMENT_TARGET = 17.0;
				MTL_ENABLE_DEBUG_INFO = INCLUDE_SOURCE;
				MTL_FAST_MATH = YES;
				ONLY_ACTIVE_ARCH = YES;
				PRODUCT_NAME = "$(TARGET_NAME)";
				SDKROOT = iphoneos;
				SWIFT_ACTIVE_COMPILATION_CONDITIONS = DEBUG;
				SWIFT_OPTIMIZATION_LEVEL = "-Onone";
				SWIFT_VERSION = 5.0;
			};
			name = Debug;
		};
		988B61F2EFF111F49CDF445B /* Release */ = {
			isa = XCBuildConfiguration;
			buildSettings = {
				CODE_SIGN_ENTITLEMENTS = ShareExtension/ShareExtension.entitlements;
				CURRENT_PROJECT_VERSION = 1;
				DEVELOPMENT_TEAM = XV92DHDWYL;
				INFOPLIST_FILE = ShareExtension/Info.plist;
				LD_RUNPATH_SEARCH_PATHS = (
					"$(inherited)",
					"@executable_path/Frameworks",
					"@executable_path/../../Frameworks",
				);
				MARKETING_VERSION = 1.0;
				PRODUCT_BUNDLE_IDENTIFIER = com.matthew0925.sumi.ShareExtension;
				SDKROOT = iphoneos;
				SKIP_INSTALL = YES;
				SWIFT_VERSION = 5.0;
				TARGETED_DEVICE_FAMILY = 1;
			};
			name = Release;
		};
		C6F4FBBE95E29614B2B644E4 /* Release */ = {
			isa = XCBuildConfiguration;
			buildSettings = {
				ASSETCATALOG_COMPILER_APPICON_NAME = AppIcon;
				CODE_SIGN_ENTITLEMENTS = Sumi/Sumi.entitlements;
				CODE_SIGN_IDENTITY = "iPhone Developer";
				CURRENT_PROJECT_VERSION = 1;
				DEVELOPMENT_TEAM = XV92DHDWYL;
				INFOPLIST_FILE = Sumi/Info.plist;
				LD_RUNPATH_SEARCH_PATHS = (
					"$(inherited)",
					"@executable_path/Frameworks",
				);
				MARKETING_VERSION = 1.0;
				PRODUCT_BUNDLE_IDENTIFIER = com.matthew0925.sumi;
				SDKROOT = iphoneos;
				SWIFT_VERSION = 5.0;
				TARGETED_DEVICE_FAMILY = 1;
			};
			name = Release;
		};
		CEA8582DFADF35703D73ED91 /* Release */ = {
			isa = XCBuildConfiguration;
			buildSettings = {
				BUNDLE_LOADER = "$(TEST_HOST)";
				DEVELOPMENT_TEAM = XV92DHDWYL;
				GENERATE_INFOPLIST_FILE = YES;
				LD_RUNPATH_SEARCH_PATHS = (
					"$(inherited)",
					"@executable_path/Frameworks",
					"@loader_path/Frameworks",
				);
				PRODUCT_BUNDLE_IDENTIFIER = com.matthew0925.SumiTests;
				SDKROOT = iphoneos;
				SWIFT_VERSION = 5.0;
				TARGETED_DEVICE_FAMILY = "1,2";
				TEST_HOST = "$(BUILT_PRODUCTS_DIR)/Sumi.app/Sumi";
			};
			name = Release;
		};
		ECDF4D097D88DA1C6E57DC0A /* Debug */ = {
			isa = XCBuildConfiguration;
			buildSettings = {
				ASSETCATALOG_COMPILER_APPICON_NAME = AppIcon;
				CODE_SIGN_ENTITLEMENTS = Sumi/Sumi.entitlements;
				CODE_SIGN_IDENTITY = "iPhone Developer";
				CURRENT_PROJECT_VERSION = 1;
				DEVELOPMENT_TEAM = XV92DHDWYL;
				INFOPLIST_FILE = Sumi/Info.plist;
				LD_RUNPATH_SEARCH_PATHS = (
					"$(inherited)",
					"@executable_path/Frameworks",
				);
				MARKETING_VERSION = 1.0;
				PRODUCT_BUNDLE_IDENTIFIER = com.matthew0925.sumi;
				SDKROOT = iphoneos;
				SWIFT_VERSION = 5.0;
				TARGETED_DEVICE_FAMILY = 1;
			};
			name = Debug;
		};
/* End XCBuildConfiguration section */

/* Begin XCConfigurationList section */
		5BE51493949C59C1FCADD06C /* Build configuration list for PBXProject "Sumi" */ = {
			isa = XCConfigurationList;
			buildConfigurations = (
				46544B83FD38A9A7BDA4D280 /* Debug */,
				45EAFDBC913089B25E068502 /* Release */,
			);
			defaultConfigurationIsVisible = 0;
			defaultConfigurationName = Debug;
		};
		7D6E1956E377CC5E66AB9F78 /* Build configuration list for PBXNativeTarget "SumiTests" */ = {
			isa = XCConfigurationList;
			buildConfigurations = (
				3C6C4BC481AA70DCE7D4D8E4 /* Debug */,
				CEA8582DFADF35703D73ED91 /* Release */,
			);
			defaultConfigurationIsVisible = 0;
			defaultConfigurationName = Debug;
		};
		E7BAEB1702656307FEE55BE4 /* Build configuration list for PBXNativeTarget "ShareExtension" */ = {
			isa = XCConfigurationList;
			buildConfigurations = (
				3235A2D8AA58AC57CD6D070E /* Debug */,
				988B61F2EFF111F49CDF445B /* Release */,
			);
			defaultConfigurationIsVisible = 0;
			defaultConfigurationName = Debug;
		};
		FA34ACE625CF1AC0342355FC /* Build configuration list for PBXNativeTarget "Sumi" */ = {
			isa = XCConfigurationList;
			buildConfigurations = (
				ECDF4D097D88DA1C6E57DC0A /* Debug */,
				C6F4FBBE95E29614B2B644E4 /* Release */,
			);
			defaultConfigurationIsVisible = 0;
			defaultConfigurationName = Debug;
		};
/* End XCConfigurationList section */

/* Begin XCRemoteSwiftPackageReference section */
		A9C8E827D68A6F92163F3AE1 /* XCRemoteSwiftPackageReference "purchases-ios" */ = {
			isa = XCRemoteSwiftPackageReference;
			repositoryURL = "https://github.com/RevenueCat/purchases-ios";
			requirement = {
				kind = upToNextMajorVersion;
				minimumVersion = 5.20.0;
			};
		};
/* End XCRemoteSwiftPackageReference section */

/* Begin XCSwiftPackageProductDependency section */
		1401B631CB3B8DB4FE30F38D /* RevenueCat */ = {
			isa = XCSwiftPackageProductDependency;
			package = A9C8E827D68A6F92163F3AE1 /* XCRemoteSwiftPackageReference "purchases-ios" */;
			productName = RevenueCat;
		};
/* End XCSwiftPackageProductDependency section */
	};
	rootObject = AFB7DA90C61C0C52B5DBC8C0 /* Project object */;
}
